
Microsoft Visual Studio Solution File, Format Version 12.00
# Visual Studio Version 16
VisualStudioVersion = 16.0.29409.12
MinimumVisualStudioVersion = 10.0.40219.1
Project("{FAE04EC0-301F-11D3-BF4B-00C04F79EFBC}") = "VeritabaniProje", "GorselProgramlamaProje\VeritabaniProje.csproj", "{F10E5F92-82A0-4352-9846-784479778CA4}"
EndProject
Global
	GlobalSection(SolutionConfigurationPlatforms) = preSolution
		Debug|Any CPU = Debug|Any CPU
		Release|Any CPU = Release|Any CPU
	EndGlobalSection
	GlobalSection(ProjectConfigurationPlatforms) = postSolution
		{F10E5F92-82A0-4352-9846-784479778CA4}.Debug|Any CPU.ActiveCfg = Debug|Any CPU
		{F10E5F92-82A0-4352-9846-784479778CA4}.Debug|Any CPU.Build.0 = Debug|Any CPU
		{F10E5F92-82A0-4352-9846-784479778CA4}.Release|Any CPU.ActiveCfg = Release|Any CPU
		{F10E5F92-82A0-4352-9846-784479778CA4}.Release|Any CPU.Build.0 = Release|Any CPU
	EndGlobalSection
	GlobalSection(SolutionProperties) = preSolution
		HideSolutionNode = FALSE
	EndGlobalSection
	GlobalSection(ExtensibilityGlobals) = postSolution
		SolutionGuid = {C892D11F-F3F2-4BE5-AFA7-F2252591EB52}
	EndGlobalSection
EndGlobal
